// !$*UTF8*$!
{
	archiveVersion = 1;
	classes = {
	};
	objectVersion = 55;
	objects = {

/* Begin PBXBuildFile section */
		93E0C114286234B9004221C2 /* MSBL_CompanionApp.swift in Sources */ = {isa = PBXBuildFile; fileRef = 93E0C113286234B9004221C2 /* MSBL_CompanionApp.swift */; };
		93E0C116286234B9004221C2 /* ContentView.swift in Sources */ = {isa = PBXBuildFile; fileRef = 93E0C115286234B9004221C2 /* ContentView.swift */; };
		93E0C118286234BA004221C2 /* Assets.xcassets in Resources */ = {isa = PBXBuildFile; fileRef = 93E0C117286234BA004221C2 /* Assets.xcassets */; };
		93E0C11B286234BA004221C2 /* Preview Assets.xcassets in Resources */ = {isa = PBXBuildFile; fileRef = 93E0C11A286234BA004221C2 /* Preview Assets.xcassets */; };
		93E0C11D286234BA004221C2 /* Persistence.swift in Sources */ = {isa = PBXBuildFile; fileRef = 93E0C11C286234BA004221C2 /* Persistence.swift */; };
		93E0C120286234BA004221C2 /* MSBL_Companion.xcdatamodeld in Sources */ = {isa = PBXBuildFile; fileRef = 93E0C11E286234BA004221C2 /* MSBL_Companion.xcdatamodeld */; };
		93E0C12A286234BA004221C2 /* MSBL_CompanionTests.swift in Sources */ = {isa = PBXBuildFile; fileRef = 93E0C129286234BA004221C2 /* MSBL_CompanionTests.swift */; };
		93E0C134286234BA004221C2 /* MSBL_CompanionUITests.swift in Sources */ = {isa = PBXBuildFile; fileRef = 93E0C133286234BA004221C2 /* MSBL_CompanionUITests.swift */; };
		93E0C136286234BA004221C2 /* MSBL_CompanionUITestsLaunchTests.swift in Sources */ = {isa = PBXBuildFile; fileRef = 93E0C135286234BA004221C2 /* MSBL_CompanionUITestsLaunchTests.swift */; };
/* End PBXBuildFile section */

/* Begin PBXContainerItemProxy section */
		93E0C126286234BA004221C2 /* PBXContainerItemProxy */ = {
			isa = PBXContainerItemProxy;
			containerPortal = 93E0C108286234B9004221C2 /* Project object */;
			proxyType = 1;
			remoteGlobalIDString = 93E0C10F286234B9004221C2;
			remoteInfo = "MSBL Companion";
		};
		93E0C130286234BA004221C2 /* PBXContainerItemProxy */ = {
			isa = PBXContainerItemProxy;
			containerPortal = 93E0C108286234B9004221C2 /* Project object */;
			proxyType = 1;
			remoteGlobalIDString = 93E0C10F286234B9004221C2;
			remoteInfo = "MSBL Companion";
		};
/* End PBXContainerItemProxy section */

/* Begin PBXFileReference section */
		93E0C110286234B9004221C2 /* MSBL Companion.app */ = {isa = PBXFileReference; explicitFileType = wrapper.application; includeInIndex = 0; path = "MSBL Companion.app"; sourceTree = BUILT_PRODUCTS_DIR; };
		93E0C113286234B9004221C2 /* MSBL_CompanionApp.swift */ = {isa = PBXFileReference; lastKnownFileType = sourcecode.swift; path = MSBL_CompanionApp.swift; sourceTree = "<group>"; };
		93E0C115286234B9004221C2 /* ContentView.swift */ = {isa = PBXFileReference; lastKnownFileType = sourcecode.swift; path = ContentView.swift; sourceTree = "<group>"; };
		93E0C117286234BA004221C2 /* Assets.xcassets */ = {isa = PBXFileReference; lastKnownFileType = folder.assetcatalog; path = Assets.xcassets; sourceTree = "<group>"; };
		93E0C11A286234BA004221C2 /* Preview Assets.xcassets */ = {isa = PBXFileReference; lastKnownFileType = folder.assetcatalog; path = "Preview Assets.xcassets"; sourceTree = "<group>"; };
		93E0C11C286234BA004221C2 /* Persistence.swift */ = {isa = PBXFileReference; lastKnownFileType = sourcecode.swift; path = Persistence.swift; sourceTree = "<group>"; };
		93E0C11F286234BA004221C2 /* MSBL_Companion.xcdatamodel */ = {isa = PBXFileReference; lastKnownFileType = wrapper.xcdatamodel; path = MSBL_Companion.xcdatamodel; sourceTree = "<group>"; };
		93E0C125286234BA004221C2 /* MSBL CompanionTests.xctest */ = {isa = PBXFileReference; explicitFileType = wrapper.cfbundle; includeInIndex = 0; path = "MSBL CompanionTests.xctest"; sourceTree = BUILT_PRODUCTS_DIR; };
		93E0C129286234BA004221C2 /* MSBL_CompanionTests.swift */ = {isa = PBXFileReference; lastKnownFileType = sourcecode.swift; path = MSBL_CompanionTests.swift; sourceTree = "<group>"; };
		93E0C12F286234BA004221C2 /* MSBL CompanionUITests.xctest */ = {isa = PBXFileReference; explicitFileType = wrapper.cfbundle; includeInIndex = 0; path = "MSBL CompanionUITests.xctest"; sourceTree = BUILT_PRODUCTS_DIR; };
		93E0C133286234BA004221C2 /* MSBL_CompanionUITests.swift */ = {isa = PBXFileReference; lastKnownFileType = sourcecode.swift; path = MSBL_CompanionUITests.swift; sourceTree = "<group>"; };
		93E0C135286234BA004221C2 /* MSBL_CompanionUITestsLaunchTests.swift */ = {isa = PBXFileReference; lastKnownFileType = sourcecode.swift; path = MSBL_CompanionUITestsLaunchTests.swift; sourceTree = "<group>"; };
/* End PBXFileReference section */

/* Begin PBXFrameworksBuildPhase section */
		93E0C10D286234B9004221C2 /* Frameworks */ = {
			isa = PBXFrameworksBuildPhase;
			buildActionMask = 2147483647;
			files = (
			);
			runOnlyForDeploymentPostprocessing = 0;
		};
		93E0C122286234BA004221C2 /* Frameworks */ = {
			isa = PBXFrameworksBuildPhase;
			buildActionMask = 2147483647;
			files = (
			);
			runOnlyForDeploymentPostprocessing = 0;
		};
		93E0C12C286234BA004221C2 /* Frameworks */ = {
			isa = PBXFrameworksBuildPhase;
			buildActionMask = 2147483647;
			files = (
			);
			runOnlyForDeploymentPostprocessing = 0;
		};
/* End PBXFrameworksBuildPhase section */

/* Begin PBXGroup section */
		93E0C107286234B9004221C2 = {
			isa = PBXGroup;
			children = (
				93E0C112286234B9004221C2 /* MSBL Companion */,
				93E0C128286234BA004221C2 /* MSBL CompanionTests */,
				93E0C132286234BA004221C2 /* MSBL CompanionUITests */,
				93E0C111286234B9004221C2 /* Products */,
			);
			sourceTree = "<group>";
		};
		93E0C111286234B9004221C2 /* Products */ = {
			isa = PBXGroup;
			children = (
				93E0C110286234B9004221C2 /* MSBL Companion.app */,
				93E0C125286234BA004221C2 /* MSBL CompanionTests.xctest */,
				93E0C12F286234BA004221C2 /* MSBL CompanionUITests.xctest */,
			);
			name = Products;
			sourceTree = "<group>";
		};
		93E0C112286234B9004221C2 /* MSBL Companion */ = {
			isa = PBXGroup;
			children = (
				93E0C113286234B9004221C2 /* MSBL_CompanionApp.swift */,
				93E0C115286234B9004221C2 /* ContentView.swift */,
				93E0C117286234BA004221C2 /* Assets.xcassets */,
				93E0C11C286234BA004221C2 /* Persistence.swift */,
				93E0C11E286234BA004221C2 /* MSBL_Companion.xcdatamodeld */,
				93E0C119286234BA004221C2 /* Preview Content */,
			);
			path = "MSBL Companion";
			sourceTree = "<group>";
		};
		93E0C119286234BA004221C2 /* Preview Content */ = {
			isa = PBXGroup;
			children = (
				93E0C11A286234BA004221C2 /* Preview Assets.xcassets */,
			);
			path = "Preview Content";
			sourceTree = "<group>";
		};
		93E0C128286234BA004221C2 /* MSBL CompanionTests */ = {
			isa = PBXGroup;
			children = (
				93E0C129286234BA004221C2 /* MSBL_CompanionTests.swift */,
			);
			path = "MSBL CompanionTests";
			sourceTree = "<group>";
		};
		93E0C132286234BA004221C2 /* MSBL CompanionUITests */ = {
			isa = PBXGroup;
			children = (
				93E0C133286234BA004221C2 /* MSBL_CompanionUITests.swift */,
				93E0C135286234BA004221C2 /* MSBL_CompanionUITestsLaunchTests.swift */,
			);
			path = "MSBL CompanionUITests";
			sourceTree = "<group>";
		};
/* End PBXGroup section */

/* Begin PBXNativeTarget section */
		93E0C10F286234B9004221C2 /* MSBL Companion */ = {
			isa = PBXNativeTarget;
			buildConfigurationList = 93E0C139286234BA004221C2 /* Build configuration list for PBXNativeTarget "MSBL Companion" */;
			buildPhases = (
				93E0C10C286234B9004221C2 /* Sources */,
				93E0C10D286234B9004221C2 /* Frameworks */,
				93E0C10E286234B9004221C2 /* Resources */,
			);
			buildRules = (
			);
			dependencies = (
			);
			name = "MSBL Companion";
			productName = "MSBL Companion";
			productReference = 93E0C110286234B9004221C2 /* MSBL Companion.app */;
			productType = "com.apple.product-type.application";
		};
		93E0C124286234BA004221C2 /* MSBL CompanionTests */ = {
			isa = PBXNativeTarget;
			buildConfigurationList = 93E0C13C286234BA004221C2 /* Build configuration list for PBXNativeTarget "MSBL CompanionTests" */;
			buildPhases = (
				93E0C121286234BA004221C2 /* Sources */,
				93E0C122286234BA004221C2 /* Frameworks */,
				93E0C123286234BA004221C2 /* Resources */,
			);
			buildRules = (
			);
			dependencies = (
				93E0C127286234BA004221C2 /* PBXTargetDependency */,
			);
			name = "MSBL CompanionTests";
			productName = "MSBL CompanionTests";
			productReference = 93E0C125286234BA004221C2 /* MSBL CompanionTests.xctest */;
			productType = "com.apple.product-type.bundle.unit-test";
		};
		93E0C12E286234BA004221C2 /* MSBL CompanionUITests */ = {
			isa = PBXNativeTarget;
			buildConfigurationList = 93E0C13F286234BA004221C2 /* Build configuration list for PBXNativeTarget "MSBL CompanionUITests" */;
			buildPhases = (
				93E0C12B286234BA004221C2 /* Sources */,
				93E0C12C286234BA004221C2 /* Frameworks */,
				93E0C12D286234BA004221C2 /* Resources */,
			);
			buildRules = (
			);
			dependencies = (
				93E0C131286234BA004221C2 /* PBXTargetDependency */,
			);
			name = "MSBL CompanionUITests";
			productName = "MSBL CompanionUITests";
			productReference = 93E0C12F286234BA004221C2 /* MSBL CompanionUITests.xctest */;
			productType = "com.apple.product-type.bundle.ui-testing";
		};
/* End PBXNativeTarget section */

/* Begin PBXProject section */
		93E0C108286234B9004221C2 /* Project object */ = {
			isa = PBXProject;
			attributes = {
				BuildIndependentTargetsInParallel = 1;
				LastSwiftUpdateCheck = 1330;
				LastUpgradeCheck = 1330;
				TargetAttributes = {
					93E0C10F286234B9004221C2 = {
						CreatedOnToolsVersion = 13.3.1;
					};
					93E0C124286234BA004221C2 = {
						CreatedOnToolsVersion = 13.3.1;
						TestTargetID = 93E0C10F286234B9004221C2;
					};
					93E0C12E286234BA004221C2 = {
						CreatedOnToolsVersion = 13.3.1;
						TestTargetID = 93E0C10F286234B9004221C2;
					};
				};
			};
			buildConfigurationList = 93E0C10B286234B9004221C2 /* Build configuration list for PBXProject "MSBL Companion" */;
			compatibilityVersion = "Xcode 13.0";
			developmentRegion = en;
			hasScannedForEncodings = 0;
			knownRegions = (
				en,
				Base,
			);
			mainGroup = 93E0C107286234B9004221C2;
			productRefGroup = 93E0C111286234B9004221C2 /* Products */;
			projectDirPath = "";
			projectRoot = "";
			targets = (
				93E0C10F286234B9004221C2 /* MSBL Companion */,
				93E0C124286234BA004221C2 /* MSBL CompanionTests */,
				93E0C12E286234BA004221C2 /* MSBL CompanionUITests */,
			);
		};
/* End PBXProject section */

/* Begin PBXResourcesBuildPhase section */
		93E0C10E286234B9004221C2 /* Resources */ = {
			isa = PBXResourcesBuildPhase;
			buildActionMask = 2147483647;
			files = (
				93E0C11B286234BA004221C2 /* Preview Assets.xcassets in Resources */,
				93E0C118286234BA004221C2 /* Assets.xcassets in Resources */,
			);
			runOnlyForDeploymentPostprocessing = 0;
		};
		93E0C123286234BA004221C2 /* Resources */ = {
			isa = PBXResourcesBuildPhase;
			buildActionMask = 2147483647;
			files = (
			);
			runOnlyForDeploymentPostprocessing = 0;
		};
		93E0C12D286234BA004221C2 /* Resources */ = {
			isa = PBXResourcesBuildPhase;
			buildActionMask = 2147483647;
			files = (
			);
			runOnlyForDeploymentPostprocessing = 0;
		};
/* End PBXResourcesBuildPhase section */

/* Begin PBXSourcesBuildPhase section */
		93E0C10C286234B9004221C2 /* Sources */ = {
			isa = PBXSourcesBuildPhase;
			buildActionMask = 2147483647;
			files = (
				93E0C120286234BA004221C2 /* MSBL_Companion.xcdatamodeld in Sources */,
				93E0C11D286234BA004221C2 /* Persistence.swift in Sources */,
				93E0C116286234B9004221C2 /* ContentView.swift in Sources */,
				93E0C114286234B9004221C2 /* MSBL_CompanionApp.swift in Sources */,
			);
			runOnlyForDeploymentPostprocessing = 0;
		};
		93E0C121286234BA004221C2 /* Sources */ = {
			isa = PBXSourcesBuildPhase;
			buildActionMask = 2147483647;
			files = (
				93E0C12A286234BA004221C2 /* MSBL_CompanionTests.swift in Sources */,
			);
			runOnlyForDeploymentPostprocessing = 0;
		};
		93E0C12B286234BA004221C2 /* Sources */ = {
			isa = PBXSourcesBuildPhase;
			buildActionMask = 2147483647;
			files = (
				93E0C134286234BA004221C2 /* MSBL_CompanionUITests.swift in Sources */,
				93E0C136286234BA004221C2 /* MSBL_CompanionUITestsLaunchTests.swift in Sources */,
			);
			runOnlyForDeploymentPostprocessing = 0;
		};
/* End PBXSourcesBuildPhase section */

/* Begin PBXTargetDependency section */
		93E0C127286234BA004221C2 /* PBXTargetDependency */ = {
			isa = PBXTargetDependency;
			target = 93E0C10F286234B9004221C2 /* MSBL Companion */;
			targetProxy = 93E0C126286234BA004221C2 /* PBXContainerItemProxy */;
		};
		93E0C131286234BA004221C2 /* PBXTargetDependency */ = {
			isa = PBXTargetDependency;
			target = 93E0C10F286234B9004221C2 /* MSBL Companion */;
			targetProxy = 93E0C130286234BA004221C2 /* PBXContainerItemProxy */;
		};
/* End PBXTargetDependency section */

/* Begin XCBuildConfiguration section */
		93E0C137286234BA004221C2 /* Debug */ = {
			isa = XCBuildConfiguration;
			buildSettings = {
				ALWAYS_SEARCH_USER_PATHS = NO;
				CLANG_ANALYZER_NONNULL = YES;
				CLANG_ANALYZER_NUMBER_OBJECT_CONVERSION = YES_AGGRESSIVE;
				CLANG_CXX_LANGUAGE_STANDARD = "gnu++17";
				CLANG_ENABLE_MODULES = YES;
				CLANG_ENABLE_OBJC_ARC = YES;
				CLANG_ENABLE_OBJC_WEAK = YES;
				CLANG_WARN_BLOCK_CAPTURE_AUTORELEASING = YES;
				CLANG_WARN_BOOL_CONVERSION = YES;
				CLANG_WARN_COMMA = YES;
				CLANG_WARN_CONSTANT_CONVERSION = YES;
				CLANG_WARN_DEPRECATED_OBJC_IMPLEMENTATIONS = YES;
				CLANG_WARN_DIRECT_OBJC_ISA_USAGE = YES_ERROR;
				CLANG_WARN_DOCUMENTATION_COMMENTS = YES;
				CLANG_WARN_EMPTY_BODY = YES;
				CLANG_WARN_ENUM_CONVERSION = YES;
				CLANG_WARN_INFINITE_RECURSION = YES;
				CLANG_WARN_INT_CONVERSION = YES;
				CLANG_WARN_NON_LITERAL_NULL_CONVERSION = YES;
				CLANG_WARN_OBJC_IMPLICIT_RETAIN_SELF = YES;
				CLANG_WARN_OBJC_LITERAL_CONVERSION = YES;
				CLANG_WARN_OBJC_ROOT_CLASS = YES_ERROR;
				CLANG_WARN_QUOTED_INCLUDE_IN_FRAMEWORK_HEADER = YES;
				CLANG_WARN_RANGE_LOOP_ANALYSIS = YES;
				CLANG_WARN_STRICT_PROTOTYPES = YES;
				CLANG_WARN_SUSPICIOUS_MOVE = YES;
				CLANG_WARN_UNGUARDED_AVAILABILITY = YES_AGGRESSIVE;
				CLANG_WARN_UNREACHABLE_CODE = YES;
				CLANG_WARN__DUPLICATE_METHOD_MATCH = YES;
				COPY_PHASE_STRIP = NO;
				DEBUG_INFORMATION_FORMAT = dwarf;
				ENABLE_STRICT_OBJC_MSGSEND = YES;
				ENABLE_TESTABILITY = YES;
				GCC_C_LANGUAGE_STANDARD = gnu11;
				GCC_DYNAMIC_NO_PIC = NO;
				GCC_NO_COMMON_BLOCKS = YES;
				GCC_OPTIMIZATION_LEVEL = 0;
				GCC_PREPROCESSOR_DEFINITIONS = (
					"DEBUG=1",
					"$(inherited)",
				);
				GCC_WARN_64_TO_32_BIT_CONVERSION = YES;
				GCC_WARN_ABOUT_RETURN_TYPE = YES_ERROR;
				GCC_WARN_UNDECLARED_SELECTOR = YES;
				GCC_WARN_UNINITIALIZED_AUTOS = YES_AGGRESSIVE;
				GCC_WARN_UNUSED_FUNCTION = YES;
				GCC_WARN_UNUSED_VARIABLE = YES;
				IPHONEOS_DEPLOYMENT_TARGET = 15.4;
				MTL_ENABLE_DEBUG_INFO = INCLUDE_SOURCE;
				MTL_FAST_MATH = YES;
				ONLY_ACTIVE_ARCH = YES;
				SDKROOT = iphoneos;
				SWIFT_ACTIVE_COMPILATION_CONDITIONS = DEBUG;
				SWIFT_OPTIMIZATION_LEVEL = "-Onone";
			};
			name = Debug;
		};
		93E0C138286234BA004221C2 /* Release */ = {
			isa = XCBuildConfiguration;
			buildSettings = {
				ALWAYS_SEARCH_USER_PATHS = NO;
				CLANG_ANALYZER_NONNULL = YES;
				CLANG_ANALYZER_NUMBER_OBJECT_CONVERSION = YES_AGGRESSIVE;
				CLANG_CXX_LANGUAGE_STANDARD = "gnu++17";
				CLANG_ENABLE_MODULES = YES;
				CLANG_ENABLE_OBJC_ARC = YES;
				CLANG_ENABLE_OBJC_WEAK = YES;
				CLANG_WARN_BLOCK_CAPTURE_AUTORELEASING = YES;
				CLANG_WARN_BOOL_CONVERSION = YES;
				CLANG_WARN_COMMA = YES;
				CLANG_WARN_CONSTANT_CONVERSION = YES;
				CLANG_WARN_DEPRECATED_OBJC_IMPLEMENTATIONS = YES;
				CLANG_WARN_DIRECT_OBJC_ISA_USAGE = YES_ERROR;
				CLANG_WARN_DOCUMENTATION_COMMENTS = YES;
				CLANG_WARN_EMPTY_BODY = YES;
				CLANG_WARN_ENUM_CONVERSION = YES;
				CLANG_WARN_INFINITE_RECURSION = YES;
				CLANG_WARN_INT_CONVERSION = YES;
				CLANG_WARN_NON_LITERAL_NULL_CONVERSION = YES;
				CLANG_WARN_OBJC_IMPLICIT_RETAIN_SELF = YES;
				CLANG_WARN_OBJC_LITERAL_CONVERSION = YES;
				CLANG_WARN_OBJC_ROOT_CLASS = YES_ERROR;
				CLANG_WARN_QUOTED_INCLUDE_IN_FRAMEWORK_HEADER = YES;
				CLANG_WARN_RANGE_LOOP_ANALYSIS = YES;
				CLANG_WARN_STRICT_PROTOTYPES = YES;
				CLANG_WARN_SUSPICIOUS_MOVE = YES;
				CLANG_WARN_UNGUARDED_AVAILABILITY = YES_AGGRESSIVE;
				CLANG_WARN_UNREACHABLE_CODE = YES;
				CLANG_WARN__DUPLICATE_METHOD_MATCH = YES;
				COPY_PHASE_STRIP = NO;
				DEBUG_INFORMATION_FORMAT = "dwarf-with-dsym";
				ENABLE_NS_ASSERTIONS = NO;
				ENABLE_STRICT_OBJC_MSGSEND = YES;
				GCC_C_LANGUAGE_STANDARD = gnu11;
				GCC_NO_COMMON_BLOCKS = YES;
				GCC_WARN_64_TO_32_BIT_CONVERSION = YES;
				GCC_WARN_ABOUT_RETURN_TYPE = YES_ERROR;
				GCC_WARN_UNDECLARED_SELECTOR = YES;
				GCC_WARN_UNINITIALIZED_AUTOS = YES_AGGRESSIVE;
				GCC_WARN_UNUSED_FUNCTION = YES;
				GCC_WARN_UNUSED_VARIABLE = YES;
				IPHONEOS_DEPLOYMENT_TARGET = 15.4;
				MTL_ENABLE_DEBUG_INFO = NO;
				MTL_FAST_MATH = YES;
				SDKROOT = iphoneos;
				SWIFT_COMPILATION_MODE = wholemodule;
				SWIFT_OPTIMIZATION_LEVEL = "-O";
				VALIDATE_PRODUCT = YES;
			};
			name = Release;
		};
		93E0C13A286234BA004221C2 /* Debug */ = {
			isa = XCBuildConfiguration;
			buildSettings = {
				ASSETCATALOG_COMPILER_APPICON_NAME = AppIcon;
				ASSETCATALOG_COMPILER_GLOBAL_ACCENT_COLOR_NAME = AccentColor;
				CODE_SIGN_STYLE = Automatic;
				CURRENT_PROJECT_VERSION = 1;
				DEVELOPMENT_ASSET_PATHS = "\"MSBL Companion/Preview Content\"";
				DEVELOPMENT_TEAM = P8273PK6VN;
				ENABLE_PREVIEWS = YES;
				GENERATE_INFOPLIST_FILE = YES;
				INFOPLIST_KEY_UIApplicationSceneManifest_Generation = YES;
				INFOPLIST_KEY_UIApplicationSupportsIndirectInputEvents = YES;
				INFOPLIST_KEY_UILaunchScreen_Generation = YES;
				INFOPLIST_KEY_UISupportedInterfaceOrientations_iPad = "UIInterfaceOrientationPortrait UIInterfaceOrientationPortraitUpsideDown UIInterfaceOrientationLandscapeLeft UIInterfaceOrientationLandscapeRight";
				INFOPLIST_KEY_UISupportedInterfaceOrientations_iPhone = "UIInterfaceOrientationPortrait UIInterfaceOrientationLandscapeLeft UIInterfaceOrientationLandscapeRight";
				LD_RUNPATH_SEARCH_PATHS = (
					"$(inherited)",
					"@executable_path/Frameworks",
				);
				MARKETING_VERSION = 1.0;
				PRODUCT_BUNDLE_IDENTIFIER = "Peterborough-Programmers.MSBL-Companion";
				PRODUCT_NAME = "$(TARGET_NAME)";
				SWIFT_EMIT_LOC_STRINGS = YES;
				SWIFT_VERSION = 5.0;
				TARGETED_DEVICE_FAMILY = "1,2";
			};
			name = Debug;
		};
		93E0C13B286234BA004221C2 /* Release */ = {
			isa = XCBuildConfiguration;
			buildSettings = {
				ASSETCATALOG_COMPILER_APPICON_NAME = AppIcon;
				ASSETCATALOG_COMPILER_GLOBAL_ACCENT_COLOR_NAME = AccentColor;
				CODE_SIGN_STYLE = Automatic;
				CURRENT_PROJECT_VERSION = 1;
				DEVELOPMENT_ASSET_PATHS = "\"MSBL Companion/Preview Content\"";
				DEVELOPMENT_TEAM = P8273PK6VN;
				ENABLE_PREVIEWS = YES;
				GENERATE_INFOPLIST_FILE = YES;
				INFOPLIST_KEY_UIApplicationSceneManifest_Generation = YES;
				INFOPLIST_KEY_UIApplicationSupportsIndirectInputEvents = YES;
				INFOPLIST_KEY_UILaunchScreen_Generation = YES;
				INFOPLIST_KEY_UISupportedInterfaceOrientations_iPad = "UIInterfaceOrientationPortrait UIInterfaceOrientationPortraitUpsideDown UIInterfaceOrientationLandscapeLeft UIInterfaceOrientationLandscapeRight";
				INFOPLIST_KEY_UISupportedInterfaceOrientations_iPhone = "UIInterfaceOrientationPortrait UIInterfaceOrientationLandscapeLeft UIInterfaceOrientationLandscapeRight";
				LD_RUNPATH_SEARCH_PATHS = (
					"$(inherited)",
					"@executable_path/Frameworks",
				);
				MARKETING_VERSION = 1.0;
				PRODUCT_BUNDLE_IDENTIFIER = "Peterborough-Programmers.MSBL-Companion";
				PRODUCT_NAME = "$(TARGET_NAME)";
				SWIFT_EMIT_LOC_STRINGS = YES;
				SWIFT_VERSION = 5.0;
				TARGETED_DEVICE_FAMILY = "1,2";
			};
			name = Release;
		};
		93E0C13D286234BA004221C2 /* Debug */ = {
			isa = XCBuildConfiguration;
			buildSettings = {
				ALWAYS_EMBED_SWIFT_STANDARD_LIBRARIES = YES;
				BUNDLE_LOADER = "$(TEST_HOST)";
				CODE_SIGN_STYLE = Automatic;
				CURRENT_PROJECT_VERSION = 1;
				DEVELOPMENT_TEAM = P8273PK6VN;
				GENERATE_INFOPLIST_FILE = YES;
				IPHONEOS_DEPLOYMENT_TARGET = 15.4;
				MARKETING_VERSION = 1.0;
				PRODUCT_BUNDLE_IDENTIFIER = "Peterborough-Programmers.MSBL-CompanionTests";
				PRODUCT_NAME = "$(TARGET_NAME)";
				SWIFT_EMIT_LOC_STRINGS = NO;
				SWIFT_VERSION = 5.0;
				TARGETED_DEVICE_FAMILY = "1,2";
				TEST_HOST = "$(BUILT_PRODUCTS_DIR)/MSBL Companion.app/MSBL Companion";
			};
			name = Debug;
		};
		93E0C13E286234BA004221C2 /* Release */ = {
			isa = XCBuildConfiguration;
			buildSettings = {
				ALWAYS_EMBED_SWIFT_STANDARD_LIBRARIES = YES;
				BUNDLE_LOADER = "$(TEST_HOST)";
				CODE_SIGN_STYLE = Automatic;
				CURRENT_PROJECT_VERSION = 1;
				DEVELOPMENT_TEAM = P8273PK6VN;
				GENERATE_INFOPLIST_FILE = YES;
				IPHONEOS_DEPLOYMENT_TARGET = 15.4;
				MARKETING_VERSION = 1.0;
				PRODUCT_BUNDLE_IDENTIFIER = "Peterborough-Programmers.MSBL-CompanionTests";
				PRODUCT_NAME = "$(TARGET_NAME)";
				SWIFT_EMIT_LOC_STRINGS = NO;
				SWIFT_VERSION = 5.0;
				TARGETED_DEVICE_FAMILY = "1,2";
				TEST_HOST = "$(BUILT_PRODUCTS_DIR)/MSBL Companion.app/MSBL Companion";
			};
			name = Release;
		};
		93E0C140286234BA004221C2 /* Debug */ = {
			isa = XCBuildConfiguration;
			buildSettings = {
				ALWAYS_EMBED_SWIFT_STANDARD_LIBRARIES = YES;
				CODE_SIGN_STYLE = Automatic;
				CURRENT_PROJECT_VERSION = 1;
				DEVELOPMENT_TEAM = P8273PK6VN;
				GENERATE_INFOPLIST_FILE = YES;
				MARKETING_VERSION = 1.0;
				PRODUCT_BUNDLE_IDENTIFIER = "Peterborough-Programmers.MSBL-CompanionUITests";
				PRODUCT_NAME = "$(TARGET_NAME)";
				SWIFT_EMIT_LOC_STRINGS = NO;
				SWIFT_VERSION = 5.0;
				TARGETED_DEVICE_FAMILY = "1,2";
				TEST_TARGET_NAME = "MSBL Companion";
			};
			name = Debug;
		};
		93E0C141286234BA004221C2 /* Release */ = {
			isa = XCBuildConfiguration;
			buildSettings = {
				ALWAYS_EMBED_SWIFT_STANDARD_LIBRARIES = YES;
				CODE_SIGN_STYLE = Automatic;
				CURRENT_PROJECT_VERSION = 1;
				DEVELOPMENT_TEAM = P8273PK6VN;
				GENERATE_INFOPLIST_FILE = YES;
				MARKETING_VERSION = 1.0;
				PRODUCT_BUNDLE_IDENTIFIER = "Peterborough-Programmers.MSBL-CompanionUITests";
				PRODUCT_NAME = "$(TARGET_NAME)";
				SWIFT_EMIT_LOC_STRINGS = NO;
				SWIFT_VERSION = 5.0;
				TARGETED_DEVICE_FAMILY = "1,2";
				TEST_TARGET_NAME = "MSBL Companion";
			};
			name = Release;
		};
/* End XCBuildConfiguration section */

/* Begin XCConfigurationList section */
		93E0C10B286234B9004221C2 /* Build configuration list for PBXProject "MSBL Companion" */ = {
			isa = XCConfigurationList;
			buildConfigurations = (
				93E0C137286234BA004221C2 /* Debug */,
				93E0C138286234BA004221C2 /* Release */,
			);
			defaultConfigurationIsVisible = 0;
			defaultConfigurationName = Release;
		};
		93E0C139286234BA004221C2 /* Build configuration list for PBXNativeTarget "MSBL Companion" */ = {
			isa = XCConfigurationList;
			buildConfigurations = (
				93E0C13A286234BA004221C2 /* Debug */,
				93E0C13B286234BA004221C2 /* Release */,
			);
			defaultConfigurationIsVisible = 0;
			defaultConfigurationName = Release;
		};
		93E0C13C286234BA004221C2 /* Build configuration list for PBXNativeTarget "MSBL CompanionTests" */ = {
			isa = XCConfigurationList;
			buildConfigurations = (
				93E0C13D286234BA004221C2 /* Debug */,
				93E0C13E286234BA004221C2 /* Release */,
			);
			defaultConfigurationIsVisible = 0;
			defaultConfigurationName = Release;
		};
		93E0C13F286234BA004221C2 /* Build configuration list for PBXNativeTarget "MSBL CompanionUITests" */ = {
			isa = XCConfigurationList;
			buildConfigurations = (
				93E0C140286234BA004221C2 /* Debug */,
				93E0C141286234BA004221C2 /* Release */,
			);
			defaultConfigurationIsVisible = 0;
			defaultConfigurationName = Release;
		};
/* End XCConfigurationList section */

/* Begin XCVersionGroup section */
		93E0C11E286234BA004221C2 /* MSBL_Companion.xcdatamodeld */ = {
			isa = XCVersionGroup;
			children = (
				93E0C11F286234BA004221C2 /* MSBL_Companion.xcdatamodel */,
			);
			currentVersion = 93E0C11F286234BA004221C2 /* MSBL_Companion.xcdatamodel */;
			path = MSBL_Companion.xcdatamodeld;
			sourceTree = "<group>";
			versionGroupType = wrapper.xcdatamodel;
		};
/* End XCVersionGroup section */
	};
	rootObject = 93E0C108286234B9004221C2 /* Project object */;
}
